{
  "name": "triage-list",
  "version": "1.0.0",
  "lockfileVersion": 3,
  "requires": true,
  "packages": {
    "": {
      "name": "triage-list",
      "version": "1.0.0",
      "license": "UNLICENSED",
      "dependencies": {
        "ical-toolkit": "^1.0.9"
      }
    },
    "node_modules/commander": {
      "version": "2.6.0",
      "resolved": "https://registry.npmjs.org/commander/-/commander-2.6.0.tgz",
      "integrity": "sha512-PhbTMT+ilDXZKqH8xbvuUY2ZEQNef0Q7DKxgoEKb4ccytsdvVVJmYqR0sGbi96nxU6oGrwEIQnclpK2NBZuQlg==",
      "engines": {
        "node": ">= 0.6.x"
      }
    },
    "node_modules/ical-toolkit": {
      "version": "1.0.9",
      "resolved": "https://registry.npmjs.org/ical-toolkit/-/ical-toolkit-1.0.9.tgz",
      "integrity": "sha512-cF4gpLBnSkkgbdnzKk+npAcNyu6vxf5QghvBneoha2Q3ZKE2wikdLsthLkxYaH4YwanwQzM3SI7O93gNve1dcQ==",
      "dependencies": {
        "ical2json": "^0.2.0"
      }
    },
    "node_modules/ical2json": {
      "version": "0.2.0",
      "resolved": "https://registry.npmjs.org/ical2json/-/ical2json-0.2.0.tgz",
      "integrity": "sha512-oqC0QikXP+qpRBsGnh8A9VcoO7w+RalQOEz8GTo1LkTR79x/pW96b/RwJ1q0LWEz7c4D5pfwAGe0bmnJwcvPtw==",
      "dependencies": {
        "commander": "~2.6.0"
      },
      "bin": {
        "ical2json": "bin/ical2json"
      }
    }
  }
}
