{
  "name": "triage-list",
  "version": "1.0.0",
  "lockfileVersion": 3,
  "requires": true,
  "packages": {
    "": {
      "name": "triage-list",
      "version": "1.0.0",
      "license": "UNLICENSED",
      "dependencies": {
        "ical-toolkit": "^1.0.9"
      }
    },
    "node_modules/commander": {
      "version": "2.6.0",
      "resolved": "https://registry.npmjs.org/commander/-/commander-2.6.0.tgz",
      "integrity": "sha1-nfflL7Kgyw+4kFjugMMQQiXzfh0=",
      "engines": {
        "node": ">= 0.6.x"
      }
    },
    "node_modules/ical-toolkit": {
      "version": "1.0.9",
      "resolved": "https://registry.npmjs.org/ical-toolkit/-/ical-toolkit-1.0.9.tgz",
      "integrity": "sha1-ShXrk8me4jtjZWit1hpjXQWQeU4=",
      "dependencies": {
        "ical2json": "^0.2.0"
      }
    },
    "node_modules/ical2json": {
      "version": "0.2.0",
      "resolved": "https://registry.npmjs.org/ical2json/-/ical2json-0.2.0.tgz",
      "integrity": "sha1-ZkCBCLc6UbVCJEye7TfmRXWf5jo=",
      "dependencies": {
        "commander": "~2.6.0"
      },
      "bin": {
        "ical2json": "bin/ical2json"
      }
    }
  }
}
